
Microsoft Visual Studio Solution File, Format Version 12.00
# Visual Studio Version 17
VisualStudioVersion = 17.1.32407.343
MinimumVisualStudioVersion = 10.0.40219.1
Project("{888888A0-9F3D-457C-B088-3A5042F75D52}") = "Gyvates ir kopecios game", "Gyvates ir kopecios game\Gyvates ir kopecios game.pyproj", "{6B18FDAE-9D05-4683-9A55-9886359002F6}"
EndProject
Global
	GlobalSection(SolutionConfigurationPlatforms) = preSolution
		Debug|Any CPU = Debug|Any CPU
		Release|Any CPU = Release|Any CPU
		Test|Any CPU = Test|Any CPU
	EndGlobalSection
	GlobalSection(ProjectConfigurationPlatforms) = postSolution
		{6B18FDAE-9D05-4683-9A55-9886359002F6}.Debug|Any CPU.ActiveCfg = Debug|Any CPU
		{6B18FDAE-9D05-4683-9A55-9886359002F6}.Release|Any CPU.ActiveCfg = Release|Any CPU
		{6B18FDAE-9D05-4683-9A55-9886359002F6}.Test|Any CPU.ActiveCfg = Test|Any CPU
	EndGlobalSection
	GlobalSection(SolutionProperties) = preSolution
		HideSolutionNode = FALSE
	EndGlobalSection
	GlobalSection(ExtensibilityGlobals) = postSolution
		SolutionGuid = {BF58C136-CF66-488C-B4D3-0C340D86CFE4}
	EndGlobalSection
EndGlobal
